
Microsoft Visual Studio Solution File, Format Version 12.00
# Visual Studio Version 17
VisualStudioVersion = 17.3.32825.248
MinimumVisualStudioVersion = 10.0.40219.1
Project("{8BC9CEB8-8B4A-11D0-8D11-00A0C91BC942}") = "Project1", "Project1\Project1.vcxproj", "{673CCD31-7227-4F39-A593-FA3E3599E1EE}"
EndProject
Global
	GlobalSection(SolutionConfigurationPlatforms) = preSolution
		Debug|x64 = Debug|x64
		Debug|x86 = Debug|x86
		Release|x64 = Release|x64
		Release|x86 = Release|x86
	EndGlobalSection
	GlobalSection(ProjectConfigurationPlatforms) = postSolution
		{673CCD31-7227-4F39-A593-FA3E3599E1EE}.Debug|x64.ActiveCfg = Debug|x64
		{673CCD31-7227-4F39-A593-FA3E3599E1EE}.Debug|x64.Build.0 = Debug|x64
		{673CCD31-7227-4F39-A593-FA3E3599E1EE}.Debug|x86.ActiveCfg = Debug|Win32
		{673CCD31-7227-4F39-A593-FA3E3599E1EE}.Debug|x86.Build.0 = Debug|Win32
		{673CCD31-7227-4F39-A593-FA3E3599E1EE}.Release|x64.ActiveCfg = Release|x64
		{673CCD31-7227-4F39-A593-FA3E3599E1EE}.Release|x64.Build.0 = Release|x64
		{673CCD31-7227-4F39-A593-FA3E3599E1EE}.Release|x86.ActiveCfg = Release|Win32
		{673CCD31-7227-4F39-A593-FA3E3599E1EE}.Release|x86.Build.0 = Release|Win32
	EndGlobalSection
	GlobalSection(SolutionProperties) = preSolution
		HideSolutionNode = FALSE
	EndGlobalSection
	GlobalSection(ExtensibilityGlobals) = postSolution
		SolutionGuid = {229A5B97-B3CB-496A-8A80-0D5D9BFB8F5E}
	EndGlobalSection
EndGlobal
